Microsoft Visual Studio Solution File, Format Version 12.00
# Visual Studio Version 17
VisualStudioVersion = 17.5.2.0
MinimumVisualStudioVersion = 10.0.40219.1
Project("{FAE04EC0-301F-11D3-BF4B-00C04F79EFBC}") = "WordList.Processing.QueryWords", "WordList.Processing.QueryWords.csproj", "{3DEC84E9-6792-4556-1766-D9485977480D}"
EndProject
Global
	GlobalSection(SolutionConfigurationPlatforms) = preSolution
		Debug|Any CPU = Debug|Any CPU
		Release|Any CPU = Release|Any CPU
	EndGlobalSection
	GlobalSection(ProjectConfigurationPlatforms) = postSolution
		{3DEC84E9-6792-4556-1766-D9485977480D}.Debug|Any CPU.ActiveCfg = Debug|Any CPU
		{3DEC84E9-6792-4556-1766-D9485977480D}.Debug|Any CPU.Build.0 = Debug|Any CPU
		{3DEC84E9-6792-4556-1766-D9485977480D}.Release|Any CPU.ActiveCfg = Release|Any CPU
		{3DEC84E9-6792-4556-1766-D9485977480D}.Release|Any CPU.Build.0 = Release|Any CPU
	EndGlobalSection
	GlobalSection(SolutionProperties) = preSolution
		HideSolutionNode = FALSE
	EndGlobalSection
	GlobalSection(ExtensibilityGlobals) = postSolution
		SolutionGuid = {C6D76924-4F4B-47D3-A620-C747690148C6}
	EndGlobalSection
EndGlobal
